# This file was autogenerated by Stack.
# You should not edit this file by hand.
# For more information, please see the documentation at:
#   https://docs.haskellstack.org/en/stable/lock_files

packages: []
snapshots:
- completed:
    sha256: 915b9c100093dadba6fab97385dba83c3111104b98d15dece31ad4ff90b41eec
    size: 615155
    url: https://raw.githubusercontent.com/commercialhaskell/stackage-snapshots/master/nightly/2024/3/14.yaml
  original: nightly-2024-03-14
